
Microsoft Visual Studio Solution File, Format Version 12.00
# Visual Studio Version 17
VisualStudioVersion = 17.8.34330.188
MinimumVisualStudioVersion = 10.0.40219.1
Project("{FAE04EC0-301F-11D3-BF4B-00C04F79EFBC}") = "SystemVerifikation", "SystemVerifikation\SystemVerifikation.csproj", "{B1D9B1AD-9D83-405C-A955-67BF5C4B4C65}"
EndProject
Global
	GlobalSection(SolutionConfigurationPlatforms) = preSolution
		Debug|Any CPU = Debug|Any CPU
		Release|Any CPU = Release|Any CPU
	EndGlobalSection
	GlobalSection(ProjectConfigurationPlatforms) = postSolution
		{B1D9B1AD-9D83-405C-A955-67BF5C4B4C65}.Debug|Any CPU.ActiveCfg = Debug|Any CPU
		{B1D9B1AD-9D83-405C-A955-67BF5C4B4C65}.Debug|Any CPU.Build.0 = Debug|Any CPU
		{B1D9B1AD-9D83-405C-A955-67BF5C4B4C65}.Release|Any CPU.ActiveCfg = Release|Any CPU
		{B1D9B1AD-9D83-405C-A955-67BF5C4B4C65}.Release|Any CPU.Build.0 = Release|Any CPU
	EndGlobalSection
	GlobalSection(SolutionProperties) = preSolution
		HideSolutionNode = FALSE
	EndGlobalSection
	GlobalSection(ExtensibilityGlobals) = postSolution
		SolutionGuid = {5CBEFA1E-A7F2-4616-A420-575332C3093D}
	EndGlobalSection
EndGlobal
